{
  "requires": true,
  "lockfileVersion": 1,
  "dependencies": {
    "highlight.js": {
      "version": "10.0.0",
      "resolved": "https://registry.npmjs.org/highlight.js/-/highlight.js-10.0.0.tgz",
      "integrity": "sha512-KW/l+u4WQ45gvlma6RgDl6xZ0/iitBob23kwGCdQ5QTyQdWXjbWlmZJFUHEZXOtUhYOU3JygYcT5jL9RT8Htvw=="
    }
  }
}
