{
  "requires": true,
  "lockfileVersion": 1,
  "dependencies": {
    "highlight.js": {
      "version": "11.3.0",
      "resolved": "https://registry.npmjs.org/highlight.js/-/highlight.js-11.3.0.tgz",
      "integrity": "sha512-4NRoSbc7W4m7bZWsiE7JMBkGSKj/b1UI/acG2EigsQ3KHXyYfWPjdTUefNJuqbAtS13/r+pAWmXWHaGJVuWn2A=="
    }
  }
}
