{
  "requires": true,
  "lockfileVersion": 1,
  "dependencies": {
    "highlight.js": {
      "version": "10.1.0",
      "resolved": "https://registry.npmjs.org/highlight.js/-/highlight.js-10.1.0.tgz",
      "integrity": "sha512-e8aO/LUHDoxW4ntyKQf0/T3OtIZPhsfTr8XRuOq+FW5VdWEg/UDAeArzKF/22BaNZp6hPi/Zu/XQlTLOGLix3Q=="
    }
  }
}
